// !$*UTF8*$!
{
	archiveVersion = 1;
	classes = {
	};
	objectVersion = 56;
	objects = {

/* Begin PBXBuildFile section */
		49B6AFEC2C36B6040031126A /* NotesWatch Watch App.app in Embed Watch Content */ = {isa = PBXBuildFile; fileRef = 49B6AFEB2C36B6040031126A /* NotesWatch Watch App.app */; settings = {ATTRIBUTES = (RemoveHeadersOnCopy, ); }; };
		49B6AFF12C36B6040031126A /* NotesWatchApp.swift in Sources */ = {isa = PBXBuildFile; fileRef = 49B6AFF02C36B6040031126A /* NotesWatchApp.swift */; };
		49B6AFF32C36B6040031126A /* ContentView.swift in Sources */ = {isa = PBXBuildFile; fileRef = 49B6AFF22C36B6040031126A /* ContentView.swift */; };
		49B6AFF52C36B6050031126A /* Assets.xcassets in Resources */ = {isa = PBXBuildFile; fileRef = 49B6AFF42C36B6050031126A /* Assets.xcassets */; };
		49B6AFF82C36B6050031126A /* Preview Assets.xcassets in Resources */ = {isa = PBXBuildFile; fileRef = 49B6AFF72C36B6050031126A /* Preview Assets.xcassets */; };
		49B6B0052C36B6FE0031126A /* Note.swift in Sources */ = {isa = PBXBuildFile; fileRef = 49B6B0042C36B6FE0031126A /* Note.swift */; };
		49B6B0072C36C88D0031126A /* DetailView.swift in Sources */ = {isa = PBXBuildFile; fileRef = 49B6B0062C36C88D0031126A /* DetailView.swift */; };
		49B6B0092C36CDEE0031126A /* CreditsView.swift in Sources */ = {isa = PBXBuildFile; fileRef = 49B6B0082C36CDEE0031126A /* CreditsView.swift */; };
		49B6B00C2C36CE510031126A /* HeaderView.swift in Sources */ = {isa = PBXBuildFile; fileRef = 49B6B00B2C36CE510031126A /* HeaderView.swift */; };
		49B6B00E2C36D0B50031126A /* SettingsView.swift in Sources */ = {isa = PBXBuildFile; fileRef = 49B6B00D2C36D0B50031126A /* SettingsView.swift */; };
/* End PBXBuildFile section */

/* Begin PBXContainerItemProxy section */
		49B6AFED2C36B6040031126A /* PBXContainerItemProxy */ = {
			isa = PBXContainerItemProxy;
			containerPortal = 49B6AFDF2C36B6040031126A /* Project object */;
			proxyType = 1;
			remoteGlobalIDString = 49B6AFEA2C36B6040031126A;
			remoteInfo = "NotesWatch Watch App";
		};
/* End PBXContainerItemProxy section */

/* Begin PBXCopyFilesBuildPhase section */
		49B6AFFE2C36B6050031126A /* Embed Watch Content */ = {
			isa = PBXCopyFilesBuildPhase;
			buildActionMask = 2147483647;
			dstPath = "$(CONTENTS_FOLDER_PATH)/Watch";
			dstSubfolderSpec = 16;
			files = (
				49B6AFEC2C36B6040031126A /* NotesWatch Watch App.app in Embed Watch Content */,
			);
			name = "Embed Watch Content";
			runOnlyForDeploymentPostprocessing = 0;
		};
/* End PBXCopyFilesBuildPhase section */

/* Begin PBXFileReference section */
		49B6AFE52C36B6040031126A /* NotesWatch.app */ = {isa = PBXFileReference; explicitFileType = wrapper.application; includeInIndex = 0; path = NotesWatch.app; sourceTree = BUILT_PRODUCTS_DIR; };
		49B6AFEB2C36B6040031126A /* NotesWatch Watch App.app */ = {isa = PBXFileReference; explicitFileType = wrapper.application; includeInIndex = 0; path = "NotesWatch Watch App.app"; sourceTree = BUILT_PRODUCTS_DIR; };
		49B6AFF02C36B6040031126A /* NotesWatchApp.swift */ = {isa = PBXFileReference; lastKnownFileType = sourcecode.swift; path = NotesWatchApp.swift; sourceTree = "<group>"; };
		49B6AFF22C36B6040031126A /* ContentView.swift */ = {isa = PBXFileReference; lastKnownFileType = sourcecode.swift; path = ContentView.swift; sourceTree = "<group>"; };
		49B6AFF42C36B6050031126A /* Assets.xcassets */ = {isa = PBXFileReference; lastKnownFileType = folder.assetcatalog; path = Assets.xcassets; sourceTree = "<group>"; };
		49B6AFF72C36B6050031126A /* Preview Assets.xcassets */ = {isa = PBXFileReference; lastKnownFileType = folder.assetcatalog; path = "Preview Assets.xcassets"; sourceTree = "<group>"; };
		49B6B0042C36B6FE0031126A /* Note.swift */ = {isa = PBXFileReference; lastKnownFileType = sourcecode.swift; path = Note.swift; sourceTree = "<group>"; };
		49B6B0062C36C88D0031126A /* DetailView.swift */ = {isa = PBXFileReference; lastKnownFileType = sourcecode.swift; path = DetailView.swift; sourceTree = "<group>"; };
		49B6B0082C36CDEE0031126A /* CreditsView.swift */ = {isa = PBXFileReference; lastKnownFileType = sourcecode.swift; path = CreditsView.swift; sourceTree = "<group>"; };
		49B6B00B2C36CE510031126A /* HeaderView.swift */ = {isa = PBXFileReference; lastKnownFileType = sourcecode.swift; path = HeaderView.swift; sourceTree = "<group>"; };
		49B6B00D2C36D0B50031126A /* SettingsView.swift */ = {isa = PBXFileReference; lastKnownFileType = sourcecode.swift; path = SettingsView.swift; sourceTree = "<group>"; };
/* End PBXFileReference section */

/* Begin PBXFrameworksBuildPhase section */
		49B6AFE82C36B6040031126A /* Frameworks */ = {
			isa = PBXFrameworksBuildPhase;
			buildActionMask = 2147483647;
			files = (
			);
			runOnlyForDeploymentPostprocessing = 0;
		};
/* End PBXFrameworksBuildPhase section */

/* Begin PBXGroup section */
		49B6AFDE2C36B6040031126A = {
			isa = PBXGroup;
			children = (
				49B6AFEF2C36B6040031126A /* NotesWatch Watch App */,
				49B6AFE62C36B6040031126A /* Products */,
			);
			sourceTree = "<group>";
		};
		49B6AFE62C36B6040031126A /* Products */ = {
			isa = PBXGroup;
			children = (
				49B6AFE52C36B6040031126A /* NotesWatch.app */,
				49B6AFEB2C36B6040031126A /* NotesWatch Watch App.app */,
			);
			name = Products;
			sourceTree = "<group>";
		};
		49B6AFEF2C36B6040031126A /* NotesWatch Watch App */ = {
			isa = PBXGroup;
			children = (
				49B6B00A2C36CE320031126A /* Component */,
				49B6B0032C36B6F30031126A /* Model */,
				49B6AFF02C36B6040031126A /* NotesWatchApp.swift */,
				49B6B0022C36B6ED0031126A /* View */,
				49B6AFF42C36B6050031126A /* Assets.xcassets */,
				49B6AFF62C36B6050031126A /* Preview Content */,
			);
			path = "NotesWatch Watch App";
			sourceTree = "<group>";
		};
		49B6AFF62C36B6050031126A /* Preview Content */ = {
			isa = PBXGroup;
			children = (
				49B6AFF72C36B6050031126A /* Preview Assets.xcassets */,
			);
			path = "Preview Content";
			sourceTree = "<group>";
		};
		49B6B0022C36B6ED0031126A /* View */ = {
			isa = PBXGroup;
			children = (
				49B6AFF22C36B6040031126A /* ContentView.swift */,
				49B6B0062C36C88D0031126A /* DetailView.swift */,
				49B6B0082C36CDEE0031126A /* CreditsView.swift */,
				49B6B00D2C36D0B50031126A /* SettingsView.swift */,
			);
			path = View;
			sourceTree = "<group>";
		};
		49B6B0032C36B6F30031126A /* Model */ = {
			isa = PBXGroup;
			children = (
				49B6B0042C36B6FE0031126A /* Note.swift */,
			);
			path = Model;
			sourceTree = "<group>";
		};
		49B6B00A2C36CE320031126A /* Component */ = {
			isa = PBXGroup;
			children = (
				49B6B00B2C36CE510031126A /* HeaderView.swift */,
			);
			path = Component;
			sourceTree = "<group>";
		};
/* End PBXGroup section */

/* Begin PBXNativeTarget section */
		49B6AFE42C36B6040031126A /* NotesWatch */ = {
			isa = PBXNativeTarget;
			buildConfigurationList = 49B6AFFF2C36B6050031126A /* Build configuration list for PBXNativeTarget "NotesWatch" */;
			buildPhases = (
				49B6AFE32C36B6040031126A /* Resources */,
				49B6AFFE2C36B6050031126A /* Embed Watch Content */,
			);
			buildRules = (
			);
			dependencies = (
				49B6AFEE2C36B6040031126A /* PBXTargetDependency */,
			);
			name = NotesWatch;
			productName = NotesWatch;
			productReference = 49B6AFE52C36B6040031126A /* NotesWatch.app */;
			productType = "com.apple.product-type.application.watchapp2-container";
		};
		49B6AFEA2C36B6040031126A /* NotesWatch Watch App */ = {
			isa = PBXNativeTarget;
			buildConfigurationList = 49B6AFFB2C36B6050031126A /* Build configuration list for PBXNativeTarget "NotesWatch Watch App" */;
			buildPhases = (
				49B6AFE72C36B6040031126A /* Sources */,
				49B6AFE82C36B6040031126A /* Frameworks */,
				49B6AFE92C36B6040031126A /* Resources */,
			);
			buildRules = (
			);
			dependencies = (
			);
			name = "NotesWatch Watch App";
			productName = "NotesWatch Watch App";
			productReference = 49B6AFEB2C36B6040031126A /* NotesWatch Watch App.app */;
			productType = "com.apple.product-type.application";
		};
/* End PBXNativeTarget section */

/* Begin PBXProject section */
		49B6AFDF2C36B6040031126A /* Project object */ = {
			isa = PBXProject;
			attributes = {
				BuildIndependentTargetsInParallel = 1;
				LastSwiftUpdateCheck = 1540;
				LastUpgradeCheck = 1540;
				TargetAttributes = {
					49B6AFE42C36B6040031126A = {
						CreatedOnToolsVersion = 15.4;
					};
					49B6AFEA2C36B6040031126A = {
						CreatedOnToolsVersion = 15.4;
					};
				};
			};
			buildConfigurationList = 49B6AFE22C36B6040031126A /* Build configuration list for PBXProject "NotesWatch" */;
			compatibilityVersion = "Xcode 14.0";
			developmentRegion = en;
			hasScannedForEncodings = 0;
			knownRegions = (
				en,
				Base,
			);
			mainGroup = 49B6AFDE2C36B6040031126A;
			productRefGroup = 49B6AFE62C36B6040031126A /* Products */;
			projectDirPath = "";
			projectRoot = "";
			targets = (
				49B6AFE42C36B6040031126A /* NotesWatch */,
				49B6AFEA2C36B6040031126A /* NotesWatch Watch App */,
			);
		};
/* End PBXProject section */

/* Begin PBXResourcesBuildPhase section */
		49B6AFE32C36B6040031126A /* Resources */ = {
			isa = PBXResourcesBuildPhase;
			buildActionMask = 2147483647;
			files = (
			);
			runOnlyForDeploymentPostprocessing = 0;
		};
		49B6AFE92C36B6040031126A /* Resources */ = {
			isa = PBXResourcesBuildPhase;
			buildActionMask = 2147483647;
			files = (
				49B6AFF82C36B6050031126A /* Preview Assets.xcassets in Resources */,
				49B6AFF52C36B6050031126A /* Assets.xcassets in Resources */,
			);
			runOnlyForDeploymentPostprocessing = 0;
		};
/* End PBXResourcesBuildPhase section */

/* Begin PBXSourcesBuildPhase section */
		49B6AFE72C36B6040031126A /* Sources */ = {
			isa = PBXSourcesBuildPhase;
			buildActionMask = 2147483647;
			files = (
				49B6B00E2C36D0B50031126A /* SettingsView.swift in Sources */,
				49B6AFF32C36B6040031126A /* ContentView.swift in Sources */,
				49B6B0072C36C88D0031126A /* DetailView.swift in Sources */,
				49B6AFF12C36B6040031126A /* NotesWatchApp.swift in Sources */,
				49B6B00C2C36CE510031126A /* HeaderView.swift in Sources */,
				49B6B0092C36CDEE0031126A /* CreditsView.swift in Sources */,
				49B6B0052C36B6FE0031126A /* Note.swift in Sources */,
			);
			runOnlyForDeploymentPostprocessing = 0;
		};
/* End PBXSourcesBuildPhase section */

/* Begin PBXTargetDependency section */
		49B6AFEE2C36B6040031126A /* PBXTargetDependency */ = {
			isa = PBXTargetDependency;
			target = 49B6AFEA2C36B6040031126A /* NotesWatch Watch App */;
			targetProxy = 49B6AFED2C36B6040031126A /* PBXContainerItemProxy */;
		};
/* End PBXTargetDependency section */

/* Begin XCBuildConfiguration section */
		49B6AFF92C36B6050031126A /* Debug */ = {
			isa = XCBuildConfiguration;
			buildSettings = {
				ALWAYS_SEARCH_USER_PATHS = NO;
				ASSETCATALOG_COMPILER_GENERATE_SWIFT_ASSET_SYMBOL_EXTENSIONS = YES;
				CLANG_ANALYZER_NONNULL = YES;
				CLANG_ANALYZER_NUMBER_OBJECT_CONVERSION = YES_AGGRESSIVE;
				CLANG_CXX_LANGUAGE_STANDARD = "gnu++20";
				CLANG_ENABLE_MODULES = YES;
				CLANG_ENABLE_OBJC_ARC = YES;
				CLANG_ENABLE_OBJC_WEAK = YES;
				CLANG_WARN_BLOCK_CAPTURE_AUTORELEASING = YES;
				CLANG_WARN_BOOL_CONVERSION = YES;
				CLANG_WARN_COMMA = YES;
				CLANG_WARN_CONSTANT_CONVERSION = YES;
				CLANG_WARN_DEPRECATED_OBJC_IMPLEMENTATIONS = YES;
				CLANG_WARN_DIRECT_OBJC_ISA_USAGE = YES_ERROR;
				CLANG_WARN_DOCUMENTATION_COMMENTS = YES;
				CLANG_WARN_EMPTY_BODY = YES;
				CLANG_WARN_ENUM_CONVERSION = YES;
				CLANG_WARN_INFINITE_RECURSION = YES;
				CLANG_WARN_INT_CONVERSION = YES;
				CLANG_WARN_NON_LITERAL_NULL_CONVERSION = YES;
				CLANG_WARN_OBJC_IMPLICIT_RETAIN_SELF = YES;
				CLANG_WARN_OBJC_LITERAL_CONVERSION = YES;
				CLANG_WARN_OBJC_ROOT_CLASS = YES_ERROR;
				CLANG_WARN_QUOTED_INCLUDE_IN_FRAMEWORK_HEADER = YES;
				CLANG_WARN_RANGE_LOOP_ANALYSIS = YES;
				CLANG_WARN_STRICT_PROTOTYPES = YES;
				CLANG_WARN_SUSPICIOUS_MOVE = YES;
				CLANG_WARN_UNGUARDED_AVAILABILITY = YES_AGGRESSIVE;
				CLANG_WARN_UNREACHABLE_CODE = YES;
				CLANG_WARN__DUPLICATE_METHOD_MATCH = YES;
				COPY_PHASE_STRIP = NO;
				DEBUG_INFORMATION_FORMAT = dwarf;
				ENABLE_STRICT_OBJC_MSGSEND = YES;
				ENABLE_TESTABILITY = YES;
				ENABLE_USER_SCRIPT_SANDBOXING = YES;
				GCC_C_LANGUAGE_STANDARD = gnu17;
				GCC_DYNAMIC_NO_PIC = NO;
				GCC_NO_COMMON_BLOCKS = YES;
				GCC_OPTIMIZATION_LEVEL = 0;
				GCC_PREPROCESSOR_DEFINITIONS = (
					"DEBUG=1",
					"$(inherited)",
				);
				GCC_WARN_64_TO_32_BIT_CONVERSION = YES;
				GCC_WARN_ABOUT_RETURN_TYPE = YES_ERROR;
				GCC_WARN_UNDECLARED_SELECTOR = YES;
				GCC_WARN_UNINITIALIZED_AUTOS = YES_AGGRESSIVE;
				GCC_WARN_UNUSED_FUNCTION = YES;
				GCC_WARN_UNUSED_VARIABLE = YES;
				LOCALIZATION_PREFERS_STRING_CATALOGS = YES;
				MTL_ENABLE_DEBUG_INFO = INCLUDE_SOURCE;
				MTL_FAST_MATH = YES;
				ONLY_ACTIVE_ARCH = YES;
				SWIFT_ACTIVE_COMPILATION_CONDITIONS = "DEBUG $(inherited)";
				SWIFT_OPTIMIZATION_LEVEL = "-Onone";
			};
			name = Debug;
		};
		49B6AFFA2C36B6050031126A /* Release */ = {
			isa = XCBuildConfiguration;
			buildSettings = {
				ALWAYS_SEARCH_USER_PATHS = NO;
				ASSETCATALOG_COMPILER_GENERATE_SWIFT_ASSET_SYMBOL_EXTENSIONS = YES;
				CLANG_ANALYZER_NONNULL = YES;
				CLANG_ANALYZER_NUMBER_OBJECT_CONVERSION = YES_AGGRESSIVE;
				CLANG_CXX_LANGUAGE_STANDARD = "gnu++20";
				CLANG_ENABLE_MODULES = YES;
				CLANG_ENABLE_OBJC_ARC = YES;
				CLANG_ENABLE_OBJC_WEAK = YES;
				CLANG_WARN_BLOCK_CAPTURE_AUTORELEASING = YES;
				CLANG_WARN_BOOL_CONVERSION = YES;
				CLANG_WARN_COMMA = YES;
				CLANG_WARN_CONSTANT_CONVERSION = YES;
				CLANG_WARN_DEPRECATED_OBJC_IMPLEMENTATIONS = YES;
				CLANG_WARN_DIRECT_OBJC_ISA_USAGE = YES_ERROR;
				CLANG_WARN_DOCUMENTATION_COMMENTS = YES;
				CLANG_WARN_EMPTY_BODY = YES;
				CLANG_WARN_ENUM_CONVERSION = YES;
				CLANG_WARN_INFINITE_RECURSION = YES;
				CLANG_WARN_INT_CONVERSION = YES;
				CLANG_WARN_NON_LITERAL_NULL_CONVERSION = YES;
				CLANG_WARN_OBJC_IMPLICIT_RETAIN_SELF = YES;
				CLANG_WARN_OBJC_LITERAL_CONVERSION = YES;
				CLANG_WARN_OBJC_ROOT_CLASS = YES_ERROR;
				CLANG_WARN_QUOTED_INCLUDE_IN_FRAMEWORK_HEADER = YES;
				CLANG_WARN_RANGE_LOOP_ANALYSIS = YES;
				CLANG_WARN_STRICT_PROTOTYPES = YES;
				CLANG_WARN_SUSPICIOUS_MOVE = YES;
				CLANG_WARN_UNGUARDED_AVAILABILITY = YES_AGGRESSIVE;
				CLANG_WARN_UNREACHABLE_CODE = YES;
				CLANG_WARN__DUPLICATE_METHOD_MATCH = YES;
				COPY_PHASE_STRIP = NO;
				DEBUG_INFORMATION_FORMAT = "dwarf-with-dsym";
				ENABLE_NS_ASSERTIONS = NO;
				ENABLE_STRICT_OBJC_MSGSEND = YES;
				ENABLE_USER_SCRIPT_SANDBOXING = YES;
				GCC_C_LANGUAGE_STANDARD = gnu17;
				GCC_NO_COMMON_BLOCKS = YES;
				GCC_WARN_64_TO_32_BIT_CONVERSION = YES;
				GCC_WARN_ABOUT_RETURN_TYPE = YES_ERROR;
				GCC_WARN_UNDECLARED_SELECTOR = YES;
				GCC_WARN_UNINITIALIZED_AUTOS = YES_AGGRESSIVE;
				GCC_WARN_UNUSED_FUNCTION = YES;
				GCC_WARN_UNUSED_VARIABLE = YES;
				LOCALIZATION_PREFERS_STRING_CATALOGS = YES;
				MTL_ENABLE_DEBUG_INFO = NO;
				MTL_FAST_MATH = YES;
				SWIFT_COMPILATION_MODE = wholemodule;
			};
			name = Release;
		};
		49B6AFFC2C36B6050031126A /* Debug */ = {
			isa = XCBuildConfiguration;
			buildSettings = {
				ASSETCATALOG_COMPILER_APPICON_NAME = AppIcon;
				ASSETCATALOG_COMPILER_GLOBAL_ACCENT_COLOR_NAME = AccentColor;
				CODE_SIGN_STYLE = Automatic;
				CURRENT_PROJECT_VERSION = 1;
				DEVELOPMENT_ASSET_PATHS = "\"NotesWatch Watch App/Preview Content\"";
				DEVELOPMENT_TEAM = 8X338Z9W2W;
				ENABLE_PREVIEWS = YES;
				GENERATE_INFOPLIST_FILE = YES;
				INFOPLIST_KEY_CFBundleDisplayName = NotesWatch;
				INFOPLIST_KEY_UISupportedInterfaceOrientations = "UIInterfaceOrientationPortrait UIInterfaceOrientationPortraitUpsideDown";
				INFOPLIST_KEY_WKWatchOnly = YES;
				LD_RUNPATH_SEARCH_PATHS = (
					"$(inherited)",
					"@executable_path/Frameworks",
				);
				MARKETING_VERSION = 1.0;
				PRODUCT_BUNDLE_IDENTIFIER = com.khavi.NotesWatch.watchkitapp;
				PRODUCT_NAME = "$(TARGET_NAME)";
				SDKROOT = watchos;
				SKIP_INSTALL = YES;
				SWIFT_EMIT_LOC_STRINGS = YES;
				SWIFT_VERSION = 5.0;
				TARGETED_DEVICE_FAMILY = 4;
				WATCHOS_DEPLOYMENT_TARGET = 10.5;
			};
			name = Debug;
		};
		49B6AFFD2C36B6050031126A /* Release */ = {
			isa = XCBuildConfiguration;
			buildSettings = {
				ASSETCATALOG_COMPILER_APPICON_NAME = AppIcon;
				ASSETCATALOG_COMPILER_GLOBAL_ACCENT_COLOR_NAME = AccentColor;
				CODE_SIGN_STYLE = Automatic;
				CURRENT_PROJECT_VERSION = 1;
				DEVELOPMENT_ASSET_PATHS = "\"NotesWatch Watch App/Preview Content\"";
				DEVELOPMENT_TEAM = 8X338Z9W2W;
				ENABLE_PREVIEWS = YES;
				GENERATE_INFOPLIST_FILE = YES;
				INFOPLIST_KEY_CFBundleDisplayName = NotesWatch;
				INFOPLIST_KEY_UISupportedInterfaceOrientations = "UIInterfaceOrientationPortrait UIInterfaceOrientationPortraitUpsideDown";
				INFOPLIST_KEY_WKWatchOnly = YES;
				LD_RUNPATH_SEARCH_PATHS = (
					"$(inherited)",
					"@executable_path/Frameworks",
				);
				MARKETING_VERSION = 1.0;
				PRODUCT_BUNDLE_IDENTIFIER = com.khavi.NotesWatch.watchkitapp;
				PRODUCT_NAME = "$(TARGET_NAME)";
				SDKROOT = watchos;
				SKIP_INSTALL = YES;
				SWIFT_EMIT_LOC_STRINGS = YES;
				SWIFT_VERSION = 5.0;
				TARGETED_DEVICE_FAMILY = 4;
				VALIDATE_PRODUCT = YES;
				WATCHOS_DEPLOYMENT_TARGET = 10.5;
			};
			name = Release;
		};
		49B6B0002C36B6050031126A /* Debug */ = {
			isa = XCBuildConfiguration;
			buildSettings = {
				ALWAYS_EMBED_SWIFT_STANDARD_LIBRARIES = YES;
				CODE_SIGN_STYLE = Automatic;
				CURRENT_PROJECT_VERSION = 1;
				DEVELOPMENT_TEAM = 8X338Z9W2W;
				INFOPLIST_KEY_CFBundleDisplayName = NotesWatch;
				MARKETING_VERSION = 1.0;
				PRODUCT_BUNDLE_IDENTIFIER = com.khavi.NotesWatch;
				PRODUCT_NAME = "$(TARGET_NAME)";
				SDKROOT = iphoneos;
				SWIFT_VERSION = 5.0;
			};
			name = Debug;
		};
		49B6B0012C36B6050031126A /* Release */ = {
			isa = XCBuildConfiguration;
			buildSettings = {
				ALWAYS_EMBED_SWIFT_STANDARD_LIBRARIES = YES;
				CODE_SIGN_STYLE = Automatic;
				CURRENT_PROJECT_VERSION = 1;
				DEVELOPMENT_TEAM = 8X338Z9W2W;
				INFOPLIST_KEY_CFBundleDisplayName = NotesWatch;
				MARKETING_VERSION = 1.0;
				PRODUCT_BUNDLE_IDENTIFIER = com.khavi.NotesWatch;
				PRODUCT_NAME = "$(TARGET_NAME)";
				SDKROOT = iphoneos;
				SWIFT_VERSION = 5.0;
				VALIDATE_PRODUCT = YES;
			};
			name = Release;
		};
/* End XCBuildConfiguration section */

/* Begin XCConfigurationList section */
		49B6AFE22C36B6040031126A /* Build configuration list for PBXProject "NotesWatch" */ = {
			isa = XCConfigurationList;
			buildConfigurations = (
				49B6AFF92C36B6050031126A /* Debug */,
				49B6AFFA2C36B6050031126A /* Release */,
			);
			defaultConfigurationIsVisible = 0;
			defaultConfigurationName = Release;
		};
		49B6AFFB2C36B6050031126A /* Build configuration list for PBXNativeTarget "NotesWatch Watch App" */ = {
			isa = XCConfigurationList;
			buildConfigurations = (
				49B6AFFC2C36B6050031126A /* Debug */,
				49B6AFFD2C36B6050031126A /* Release */,
			);
			defaultConfigurationIsVisible = 0;
			defaultConfigurationName = Release;
		};
		49B6AFFF2C36B6050031126A /* Build configuration list for PBXNativeTarget "NotesWatch" */ = {
			isa = XCConfigurationList;
			buildConfigurations = (
				49B6B0002C36B6050031126A /* Debug */,
				49B6B0012C36B6050031126A /* Release */,
			);
			defaultConfigurationIsVisible = 0;
			defaultConfigurationName = Release;
		};
/* End XCConfigurationList section */
	};
	rootObject = 49B6AFDF2C36B6040031126A /* Project object */;
}
